
Microsoft Visual Studio Solution File, Format Version 12.00
# Visual Studio 15
VisualStudioVersion = 15.0.27130.0
MinimumVisualStudioVersion = 10.0.40219.1
Project("{FAE04EC0-301F-11D3-BF4B-00C04F79EFBC}") = "BlobFinder", "BlobFinder\BlobFinder.csproj", "{05319F40-11F5-4D9E-9837-5306C5FE32C4}"
EndProject
Project("{FAE04EC0-301F-11D3-BF4B-00C04F79EFBC}") = "Disjoint Set", "..\Disjoint Set\Disjoint Set\Disjoint Set.csproj", "{392E7669-7A38-479C-B9A3-6F7661439510}"
EndProject
Global
	GlobalSection(SolutionConfigurationPlatforms) = preSolution
		Debug|Any CPU = Debug|Any CPU
		Release|Any CPU = Release|Any CPU
	EndGlobalSection
	GlobalSection(ProjectConfigurationPlatforms) = postSolution
		{05319F40-11F5-4D9E-9837-5306C5FE32C4}.Debug|Any CPU.ActiveCfg = Debug|Any CPU
		{05319F40-11F5-4D9E-9837-5306C5FE32C4}.Debug|Any CPU.Build.0 = Debug|Any CPU
		{05319F40-11F5-4D9E-9837-5306C5FE32C4}.Release|Any CPU.ActiveCfg = Release|Any CPU
		{05319F40-11F5-4D9E-9837-5306C5FE32C4}.Release|Any CPU.Build.0 = Release|Any CPU
		{392E7669-7A38-479C-B9A3-6F7661439510}.Debug|Any CPU.ActiveCfg = Debug|Any CPU
		{392E7669-7A38-479C-B9A3-6F7661439510}.Debug|Any CPU.Build.0 = Debug|Any CPU
		{392E7669-7A38-479C-B9A3-6F7661439510}.Release|Any CPU.ActiveCfg = Release|Any CPU
		{392E7669-7A38-479C-B9A3-6F7661439510}.Release|Any CPU.Build.0 = Release|Any CPU
	EndGlobalSection
	GlobalSection(SolutionProperties) = preSolution
		HideSolutionNode = FALSE
	EndGlobalSection
	GlobalSection(ExtensibilityGlobals) = postSolution
		SolutionGuid = {8E681FB8-EA8A-4914-BF3D-B351F7522B5F}
	EndGlobalSection
EndGlobal
